
Microsoft Visual Studio Solution File, Format Version 12.00
# Visual Studio Version 17
VisualStudioVersion = 17.11.35312.102
MinimumVisualStudioVersion = 10.0.40219.1
Project("{F184B08F-C81C-45F6-A57F-5ABD9991F28F}") = "ShutdownCommander", "ShutdownCommander\ShutdownCommander.vbproj", "{B825B082-B8E7-4198-B4FF-93E180150E2D}"
EndProject
Global
	GlobalSection(SolutionConfigurationPlatforms) = preSolution
		Debug|Any CPU = Debug|Any CPU
		Release|Any CPU = Release|Any CPU
	EndGlobalSection
	GlobalSection(ProjectConfigurationPlatforms) = postSolution
		{B825B082-B8E7-4198-B4FF-93E180150E2D}.Debug|Any CPU.ActiveCfg = Debug|Any CPU
		{B825B082-B8E7-4198-B4FF-93E180150E2D}.Debug|Any CPU.Build.0 = Debug|Any CPU
		{B825B082-B8E7-4198-B4FF-93E180150E2D}.Release|Any CPU.ActiveCfg = Release|Any CPU
		{B825B082-B8E7-4198-B4FF-93E180150E2D}.Release|Any CPU.Build.0 = Release|Any CPU
	EndGlobalSection
	GlobalSection(SolutionProperties) = preSolution
		HideSolutionNode = FALSE
	EndGlobalSection
	GlobalSection(ExtensibilityGlobals) = postSolution
		SolutionGuid = {4BF77BF6-F861-47AB-992E-0B2E07CB7BFA}
	EndGlobalSection
EndGlobal
